
Microsoft Visual Studio Solution File, Format Version 12.00
# Visual Studio Version 16
VisualStudioVersion = 16.0.29424.173
MinimumVisualStudioVersion = 10.0.40219.1
Project("{FAE04EC0-301F-11D3-BF4B-00C04F79EFBC}") = "SurveyService", "SurveyService\SurveyService.csproj", "{ABFDC62C-BCB0-48AB-894C-C94150E29FFF}"
EndProject
Global
	GlobalSection(SolutionConfigurationPlatforms) = preSolution
		Debug|Any CPU = Debug|Any CPU
		Release|Any CPU = Release|Any CPU
	EndGlobalSection
	GlobalSection(ProjectConfigurationPlatforms) = postSolution
		{ABFDC62C-BCB0-48AB-894C-C94150E29FFF}.Debug|Any CPU.ActiveCfg = Debug|Any CPU
		{ABFDC62C-BCB0-48AB-894C-C94150E29FFF}.Debug|Any CPU.Build.0 = Debug|Any CPU
		{ABFDC62C-BCB0-48AB-894C-C94150E29FFF}.Release|Any CPU.ActiveCfg = Release|Any CPU
		{ABFDC62C-BCB0-48AB-894C-C94150E29FFF}.Release|Any CPU.Build.0 = Release|Any CPU
	EndGlobalSection
	GlobalSection(SolutionProperties) = preSolution
		HideSolutionNode = FALSE
	EndGlobalSection
	GlobalSection(ExtensibilityGlobals) = postSolution
		SolutionGuid = {360D533B-A6DE-4187-8763-C57F7CB384A1}
	EndGlobalSection
EndGlobal
